
Microsoft Visual Studio Solution File, Format Version 12.00
# Visual Studio Version 16
VisualStudioVersion = 16.0.30503.244
MinimumVisualStudioVersion = 10.0.40219.1
Project("{9A19103F-16F7-4668-BE54-9A1E7A4F7556}") = "BlazingShop", "BlazingShop\BlazingShop.csproj", "{AAD3D56F-92E1-4F08-A372-FFAFA8175C48}"
EndProject
Global
	GlobalSection(SolutionConfigurationPlatforms) = preSolution
		Debug|Any CPU = Debug|Any CPU
		Release|Any CPU = Release|Any CPU
	EndGlobalSection
	GlobalSection(ProjectConfigurationPlatforms) = postSolution
		{AAD3D56F-92E1-4F08-A372-FFAFA8175C48}.Debug|Any CPU.ActiveCfg = Debug|Any CPU
		{AAD3D56F-92E1-4F08-A372-FFAFA8175C48}.Debug|Any CPU.Build.0 = Debug|Any CPU
		{AAD3D56F-92E1-4F08-A372-FFAFA8175C48}.Release|Any CPU.ActiveCfg = Release|Any CPU
		{AAD3D56F-92E1-4F08-A372-FFAFA8175C48}.Release|Any CPU.Build.0 = Release|Any CPU
	EndGlobalSection
	GlobalSection(SolutionProperties) = preSolution
		HideSolutionNode = FALSE
	EndGlobalSection
	GlobalSection(ExtensibilityGlobals) = postSolution
		SolutionGuid = {E1DB9840-69E0-41D6-AE03-8E0189DBC6FE}
	EndGlobalSection
EndGlobal
